// !$*UTF8*$!
{
	archiveVersion = 1;
	classes = {
	};
	objectVersion = 56;
	objects = {

/* Begin PBXBuildFile section */
		CF29B578295CE493002EFE60 /* c64fontmono.txt in Resources */ = {isa = PBXBuildFile; fileRef = CF29B577295CE493002EFE60 /* c64fontmono.txt */; };
		CF29B579295CE493002EFE60 /* c64fontmono.txt in Resources */ = {isa = PBXBuildFile; fileRef = CF29B577295CE493002EFE60 /* c64fontmono.txt */; };
		CF29B57A295CE493002EFE60 /* c64fontmono.txt in Resources */ = {isa = PBXBuildFile; fileRef = CF29B577295CE493002EFE60 /* c64fontmono.txt */; };
		CF599D0A293D806B009F0BDB /* Text_Mode_EditorApp.swift in Sources */ = {isa = PBXBuildFile; fileRef = CF599D09293D806B009F0BDB /* Text_Mode_EditorApp.swift */; };
		CF599D0C293D806B009F0BDB /* ContentView.swift in Sources */ = {isa = PBXBuildFile; fileRef = CF599D0B293D806B009F0BDB /* ContentView.swift */; };
		CF599D0E293D806C009F0BDB /* Assets.xcassets in Resources */ = {isa = PBXBuildFile; fileRef = CF599D0D293D806C009F0BDB /* Assets.xcassets */; };
		CF599D11293D806C009F0BDB /* Preview Assets.xcassets in Resources */ = {isa = PBXBuildFile; fileRef = CF599D10293D806C009F0BDB /* Preview Assets.xcassets */; };
		CF599D1B293D806C009F0BDB /* Text_Mode_EditorTests.swift in Sources */ = {isa = PBXBuildFile; fileRef = CF599D1A293D806C009F0BDB /* Text_Mode_EditorTests.swift */; };
		CF599D25293D806C009F0BDB /* Text_Mode_EditorUITests.swift in Sources */ = {isa = PBXBuildFile; fileRef = CF599D24293D806C009F0BDB /* Text_Mode_EditorUITests.swift */; };
		CF599D27293D806C009F0BDB /* Text_Mode_EditorUITestsLaunchTests.swift in Sources */ = {isa = PBXBuildFile; fileRef = CF599D26293D806C009F0BDB /* Text_Mode_EditorUITestsLaunchTests.swift */; };
/* End PBXBuildFile section */

/* Begin PBXContainerItemProxy section */
		CF599D17293D806C009F0BDB /* PBXContainerItemProxy */ = {
			isa = PBXContainerItemProxy;
			containerPortal = CF599CFE293D806B009F0BDB /* Project object */;
			proxyType = 1;
			remoteGlobalIDString = CF599D05293D806B009F0BDB;
			remoteInfo = "Text Mode Editor";
		};
		CF599D21293D806C009F0BDB /* PBXContainerItemProxy */ = {
			isa = PBXContainerItemProxy;
			containerPortal = CF599CFE293D806B009F0BDB /* Project object */;
			proxyType = 1;
			remoteGlobalIDString = CF599D05293D806B009F0BDB;
			remoteInfo = "Text Mode Editor";
		};
/* End PBXContainerItemProxy section */

/* Begin PBXFileReference section */
		CF29B577295CE493002EFE60 /* c64fontmono.txt */ = {isa = PBXFileReference; fileEncoding = 4; lastKnownFileType = text; name = c64fontmono.txt; path = "../../../../Library/Mobile Documents/com~apple~TextEdit/Documents/c64fontmono.txt"; sourceTree = "<group>"; };
		CF599D06293D806B009F0BDB /* Text Mode Editor.app */ = {isa = PBXFileReference; explicitFileType = wrapper.application; includeInIndex = 0; path = "Text Mode Editor.app"; sourceTree = BUILT_PRODUCTS_DIR; };
		CF599D09293D806B009F0BDB /* Text_Mode_EditorApp.swift */ = {isa = PBXFileReference; lastKnownFileType = sourcecode.swift; path = Text_Mode_EditorApp.swift; sourceTree = "<group>"; };
		CF599D0B293D806B009F0BDB /* ContentView.swift */ = {isa = PBXFileReference; lastKnownFileType = sourcecode.swift; path = ContentView.swift; sourceTree = "<group>"; };
		CF599D0D293D806C009F0BDB /* Assets.xcassets */ = {isa = PBXFileReference; lastKnownFileType = folder.assetcatalog; path = Assets.xcassets; sourceTree = "<group>"; };
		CF599D10293D806C009F0BDB /* Preview Assets.xcassets */ = {isa = PBXFileReference; lastKnownFileType = folder.assetcatalog; path = "Preview Assets.xcassets"; sourceTree = "<group>"; };
		CF599D16293D806C009F0BDB /* Text Mode EditorTests.xctest */ = {isa = PBXFileReference; explicitFileType = wrapper.cfbundle; includeInIndex = 0; path = "Text Mode EditorTests.xctest"; sourceTree = BUILT_PRODUCTS_DIR; };
		CF599D1A293D806C009F0BDB /* Text_Mode_EditorTests.swift */ = {isa = PBXFileReference; lastKnownFileType = sourcecode.swift; path = Text_Mode_EditorTests.swift; sourceTree = "<group>"; };
		CF599D20293D806C009F0BDB /* Text Mode EditorUITests.xctest */ = {isa = PBXFileReference; explicitFileType = wrapper.cfbundle; includeInIndex = 0; path = "Text Mode EditorUITests.xctest"; sourceTree = BUILT_PRODUCTS_DIR; };
		CF599D24293D806C009F0BDB /* Text_Mode_EditorUITests.swift */ = {isa = PBXFileReference; lastKnownFileType = sourcecode.swift; path = Text_Mode_EditorUITests.swift; sourceTree = "<group>"; };
		CF599D26293D806C009F0BDB /* Text_Mode_EditorUITestsLaunchTests.swift */ = {isa = PBXFileReference; lastKnownFileType = sourcecode.swift; path = Text_Mode_EditorUITestsLaunchTests.swift; sourceTree = "<group>"; };
/* End PBXFileReference section */

/* Begin PBXFrameworksBuildPhase section */
		CF599D03293D806B009F0BDB /* Frameworks */ = {
			isa = PBXFrameworksBuildPhase;
			buildActionMask = 2147483647;
			files = (
			);
			runOnlyForDeploymentPostprocessing = 0;
		};
		CF599D13293D806C009F0BDB /* Frameworks */ = {
			isa = PBXFrameworksBuildPhase;
			buildActionMask = 2147483647;
			files = (
			);
			runOnlyForDeploymentPostprocessing = 0;
		};
		CF599D1D293D806C009F0BDB /* Frameworks */ = {
			isa = PBXFrameworksBuildPhase;
			buildActionMask = 2147483647;
			files = (
			);
			runOnlyForDeploymentPostprocessing = 0;
		};
/* End PBXFrameworksBuildPhase section */

/* Begin PBXGroup section */
		CF599CFD293D806B009F0BDB = {
			isa = PBXGroup;
			children = (
				CF599D08293D806B009F0BDB /* Text Mode Editor */,
				CF599D19293D806C009F0BDB /* Text Mode EditorTests */,
				CF599D23293D806C009F0BDB /* Text Mode EditorUITests */,
				CF599D07293D806B009F0BDB /* Products */,
			);
			sourceTree = "<group>";
		};
		CF599D07293D806B009F0BDB /* Products */ = {
			isa = PBXGroup;
			children = (
				CF599D06293D806B009F0BDB /* Text Mode Editor.app */,
				CF599D16293D806C009F0BDB /* Text Mode EditorTests.xctest */,
				CF599D20293D806C009F0BDB /* Text Mode EditorUITests.xctest */,
			);
			name = Products;
			sourceTree = "<group>";
		};
		CF599D08293D806B009F0BDB /* Text Mode Editor */ = {
			isa = PBXGroup;
			children = (
				CF29B577295CE493002EFE60 /* c64fontmono.txt */,
				CF599D09293D806B009F0BDB /* Text_Mode_EditorApp.swift */,
				CF599D0B293D806B009F0BDB /* ContentView.swift */,
				CF599D0D293D806C009F0BDB /* Assets.xcassets */,
				CF599D0F293D806C009F0BDB /* Preview Content */,
			);
			path = "Text Mode Editor";
			sourceTree = "<group>";
		};
		CF599D0F293D806C009F0BDB /* Preview Content */ = {
			isa = PBXGroup;
			children = (
				CF599D10293D806C009F0BDB /* Preview Assets.xcassets */,
			);
			path = "Preview Content";
			sourceTree = "<group>";
		};
		CF599D19293D806C009F0BDB /* Text Mode EditorTests */ = {
			isa = PBXGroup;
			children = (
				CF599D1A293D806C009F0BDB /* Text_Mode_EditorTests.swift */,
			);
			path = "Text Mode EditorTests";
			sourceTree = "<group>";
		};
		CF599D23293D806C009F0BDB /* Text Mode EditorUITests */ = {
			isa = PBXGroup;
			children = (
				CF599D24293D806C009F0BDB /* Text_Mode_EditorUITests.swift */,
				CF599D26293D806C009F0BDB /* Text_Mode_EditorUITestsLaunchTests.swift */,
			);
			path = "Text Mode EditorUITests";
			sourceTree = "<group>";
		};
/* End PBXGroup section */

/* Begin PBXNativeTarget section */
		CF599D05293D806B009F0BDB /* Text Mode Editor */ = {
			isa = PBXNativeTarget;
			buildConfigurationList = CF599D2A293D806C009F0BDB /* Build configuration list for PBXNativeTarget "Text Mode Editor" */;
			buildPhases = (
				CF599D02293D806B009F0BDB /* Sources */,
				CF599D03293D806B009F0BDB /* Frameworks */,
				CF599D04293D806B009F0BDB /* Resources */,
			);
			buildRules = (
			);
			dependencies = (
			);
			name = "Text Mode Editor";
			productName = "Text Mode Editor";
			productReference = CF599D06293D806B009F0BDB /* Text Mode Editor.app */;
			productType = "com.apple.product-type.application";
		};
		CF599D15293D806C009F0BDB /* Text Mode EditorTests */ = {
			isa = PBXNativeTarget;
			buildConfigurationList = CF599D2D293D806C009F0BDB /* Build configuration list for PBXNativeTarget "Text Mode EditorTests" */;
			buildPhases = (
				CF599D12293D806C009F0BDB /* Sources */,
				CF599D13293D806C009F0BDB /* Frameworks */,
				CF599D14293D806C009F0BDB /* Resources */,
			);
			buildRules = (
			);
			dependencies = (
				CF599D18293D806C009F0BDB /* PBXTargetDependency */,
			);
			name = "Text Mode EditorTests";
			productName = "Text Mode EditorTests";
			productReference = CF599D16293D806C009F0BDB /* Text Mode EditorTests.xctest */;
			productType = "com.apple.product-type.bundle.unit-test";
		};
		CF599D1F293D806C009F0BDB /* Text Mode EditorUITests */ = {
			isa = PBXNativeTarget;
			buildConfigurationList = CF599D30293D806C009F0BDB /* Build configuration list for PBXNativeTarget "Text Mode EditorUITests" */;
			buildPhases = (
				CF599D1C293D806C009F0BDB /* Sources */,
				CF599D1D293D806C009F0BDB /* Frameworks */,
				CF599D1E293D806C009F0BDB /* Resources */,
			);
			buildRules = (
			);
			dependencies = (
				CF599D22293D806C009F0BDB /* PBXTargetDependency */,
			);
			name = "Text Mode EditorUITests";
			productName = "Text Mode EditorUITests";
			productReference = CF599D20293D806C009F0BDB /* Text Mode EditorUITests.xctest */;
			productType = "com.apple.product-type.bundle.ui-testing";
		};
/* End PBXNativeTarget section */

/* Begin PBXProject section */
		CF599CFE293D806B009F0BDB /* Project object */ = {
			isa = PBXProject;
			attributes = {
				BuildIndependentTargetsInParallel = 1;
				LastSwiftUpdateCheck = 1410;
				LastUpgradeCheck = 1410;
				TargetAttributes = {
					CF599D05293D806B009F0BDB = {
						CreatedOnToolsVersion = 14.1;
					};
					CF599D15293D806C009F0BDB = {
						CreatedOnToolsVersion = 14.1;
						TestTargetID = CF599D05293D806B009F0BDB;
					};
					CF599D1F293D806C009F0BDB = {
						CreatedOnToolsVersion = 14.1;
						TestTargetID = CF599D05293D806B009F0BDB;
					};
				};
			};
			buildConfigurationList = CF599D01293D806B009F0BDB /* Build configuration list for PBXProject "Text Mode Editor" */;
			compatibilityVersion = "Xcode 14.0";
			developmentRegion = en;
			hasScannedForEncodings = 0;
			knownRegions = (
				en,
				Base,
			);
			mainGroup = CF599CFD293D806B009F0BDB;
			productRefGroup = CF599D07293D806B009F0BDB /* Products */;
			projectDirPath = "";
			projectRoot = "";
			targets = (
				CF599D05293D806B009F0BDB /* Text Mode Editor */,
				CF599D15293D806C009F0BDB /* Text Mode EditorTests */,
				CF599D1F293D806C009F0BDB /* Text Mode EditorUITests */,
			);
		};
/* End PBXProject section */

/* Begin PBXResourcesBuildPhase section */
		CF599D04293D806B009F0BDB /* Resources */ = {
			isa = PBXResourcesBuildPhase;
			buildActionMask = 2147483647;
			files = (
				CF599D11293D806C009F0BDB /* Preview Assets.xcassets in Resources */,
				CF29B578295CE493002EFE60 /* c64fontmono.txt in Resources */,
				CF599D0E293D806C009F0BDB /* Assets.xcassets in Resources */,
			);
			runOnlyForDeploymentPostprocessing = 0;
		};
		CF599D14293D806C009F0BDB /* Resources */ = {
			isa = PBXResourcesBuildPhase;
			buildActionMask = 2147483647;
			files = (
				CF29B579295CE493002EFE60 /* c64fontmono.txt in Resources */,
			);
			runOnlyForDeploymentPostprocessing = 0;
		};
		CF599D1E293D806C009F0BDB /* Resources */ = {
			isa = PBXResourcesBuildPhase;
			buildActionMask = 2147483647;
			files = (
				CF29B57A295CE493002EFE60 /* c64fontmono.txt in Resources */,
			);
			runOnlyForDeploymentPostprocessing = 0;
		};
/* End PBXResourcesBuildPhase section */

/* Begin PBXSourcesBuildPhase section */
		CF599D02293D806B009F0BDB /* Sources */ = {
			isa = PBXSourcesBuildPhase;
			buildActionMask = 2147483647;
			files = (
				CF599D0C293D806B009F0BDB /* ContentView.swift in Sources */,
				CF599D0A293D806B009F0BDB /* Text_Mode_EditorApp.swift in Sources */,
			);
			runOnlyForDeploymentPostprocessing = 0;
		};
		CF599D12293D806C009F0BDB /* Sources */ = {
			isa = PBXSourcesBuildPhase;
			buildActionMask = 2147483647;
			files = (
				CF599D1B293D806C009F0BDB /* Text_Mode_EditorTests.swift in Sources */,
			);
			runOnlyForDeploymentPostprocessing = 0;
		};
		CF599D1C293D806C009F0BDB /* Sources */ = {
			isa = PBXSourcesBuildPhase;
			buildActionMask = 2147483647;
			files = (
				CF599D25293D806C009F0BDB /* Text_Mode_EditorUITests.swift in Sources */,
				CF599D27293D806C009F0BDB /* Text_Mode_EditorUITestsLaunchTests.swift in Sources */,
			);
			runOnlyForDeploymentPostprocessing = 0;
		};
/* End PBXSourcesBuildPhase section */

/* Begin PBXTargetDependency section */
		CF599D18293D806C009F0BDB /* PBXTargetDependency */ = {
			isa = PBXTargetDependency;
			target = CF599D05293D806B009F0BDB /* Text Mode Editor */;
			targetProxy = CF599D17293D806C009F0BDB /* PBXContainerItemProxy */;
		};
		CF599D22293D806C009F0BDB /* PBXTargetDependency */ = {
			isa = PBXTargetDependency;
			target = CF599D05293D806B009F0BDB /* Text Mode Editor */;
			targetProxy = CF599D21293D806C009F0BDB /* PBXContainerItemProxy */;
		};
/* End PBXTargetDependency section */

/* Begin XCBuildConfiguration section */
		CF599D28293D806C009F0BDB /* Debug */ = {
			isa = XCBuildConfiguration;
			buildSettings = {
				ALWAYS_SEARCH_USER_PATHS = NO;
				CLANG_ANALYZER_NONNULL = YES;
				CLANG_ANALYZER_NUMBER_OBJECT_CONVERSION = YES_AGGRESSIVE;
				CLANG_CXX_LANGUAGE_STANDARD = "gnu++20";
				CLANG_ENABLE_MODULES = YES;
				CLANG_ENABLE_OBJC_ARC = YES;
				CLANG_ENABLE_OBJC_WEAK = YES;
				CLANG_WARN_BLOCK_CAPTURE_AUTORELEASING = YES;
				CLANG_WARN_BOOL_CONVERSION = YES;
				CLANG_WARN_COMMA = YES;
				CLANG_WARN_CONSTANT_CONVERSION = YES;
				CLANG_WARN_DEPRECATED_OBJC_IMPLEMENTATIONS = YES;
				CLANG_WARN_DIRECT_OBJC_ISA_USAGE = YES_ERROR;
				CLANG_WARN_DOCUMENTATION_COMMENTS = YES;
				CLANG_WARN_EMPTY_BODY = YES;
				CLANG_WARN_ENUM_CONVERSION = YES;
				CLANG_WARN_INFINITE_RECURSION = YES;
				CLANG_WARN_INT_CONVERSION = YES;
				CLANG_WARN_NON_LITERAL_NULL_CONVERSION = YES;
				CLANG_WARN_OBJC_IMPLICIT_RETAIN_SELF = YES;
				CLANG_WARN_OBJC_LITERAL_CONVERSION = YES;
				CLANG_WARN_OBJC_ROOT_CLASS = YES_ERROR;
				CLANG_WARN_QUOTED_INCLUDE_IN_FRAMEWORK_HEADER = YES;
				CLANG_WARN_RANGE_LOOP_ANALYSIS = YES;
				CLANG_WARN_STRICT_PROTOTYPES = YES;
				CLANG_WARN_SUSPICIOUS_MOVE = YES;
				CLANG_WARN_UNGUARDED_AVAILABILITY = YES_AGGRESSIVE;
				CLANG_WARN_UNREACHABLE_CODE = YES;
				CLANG_WARN__DUPLICATE_METHOD_MATCH = YES;
				COPY_PHASE_STRIP = NO;
				DEBUG_INFORMATION_FORMAT = dwarf;
				ENABLE_STRICT_OBJC_MSGSEND = YES;
				ENABLE_TESTABILITY = YES;
				GCC_C_LANGUAGE_STANDARD = gnu11;
				GCC_DYNAMIC_NO_PIC = NO;
				GCC_NO_COMMON_BLOCKS = YES;
				GCC_OPTIMIZATION_LEVEL = 0;
				GCC_PREPROCESSOR_DEFINITIONS = (
					"DEBUG=1",
					"$(inherited)",
				);
				GCC_WARN_64_TO_32_BIT_CONVERSION = YES;
				GCC_WARN_ABOUT_RETURN_TYPE = YES_ERROR;
				GCC_WARN_UNDECLARED_SELECTOR = YES;
				GCC_WARN_UNINITIALIZED_AUTOS = YES_AGGRESSIVE;
				GCC_WARN_UNUSED_FUNCTION = YES;
				GCC_WARN_UNUSED_VARIABLE = YES;
				IPHONEOS_DEPLOYMENT_TARGET = 16.1;
				MTL_ENABLE_DEBUG_INFO = INCLUDE_SOURCE;
				MTL_FAST_MATH = YES;
				ONLY_ACTIVE_ARCH = YES;
				SDKROOT = iphoneos;
				SWIFT_ACTIVE_COMPILATION_CONDITIONS = DEBUG;
				SWIFT_OPTIMIZATION_LEVEL = "-Onone";
			};
			name = Debug;
		};
		CF599D29293D806C009F0BDB /* Release */ = {
			isa = XCBuildConfiguration;
			buildSettings = {
				ALWAYS_SEARCH_USER_PATHS = NO;
				CLANG_ANALYZER_NONNULL = YES;
				CLANG_ANALYZER_NUMBER_OBJECT_CONVERSION = YES_AGGRESSIVE;
				CLANG_CXX_LANGUAGE_STANDARD = "gnu++20";
				CLANG_ENABLE_MODULES = YES;
				CLANG_ENABLE_OBJC_ARC = YES;
				CLANG_ENABLE_OBJC_WEAK = YES;
				CLANG_WARN_BLOCK_CAPTURE_AUTORELEASING = YES;
				CLANG_WARN_BOOL_CONVERSION = YES;
				CLANG_WARN_COMMA = YES;
				CLANG_WARN_CONSTANT_CONVERSION = YES;
				CLANG_WARN_DEPRECATED_OBJC_IMPLEMENTATIONS = YES;
				CLANG_WARN_DIRECT_OBJC_ISA_USAGE = YES_ERROR;
				CLANG_WARN_DOCUMENTATION_COMMENTS = YES;
				CLANG_WARN_EMPTY_BODY = YES;
				CLANG_WARN_ENUM_CONVERSION = YES;
				CLANG_WARN_INFINITE_RECURSION = YES;
				CLANG_WARN_INT_CONVERSION = YES;
				CLANG_WARN_NON_LITERAL_NULL_CONVERSION = YES;
				CLANG_WARN_OBJC_IMPLICIT_RETAIN_SELF = YES;
				CLANG_WARN_OBJC_LITERAL_CONVERSION = YES;
				CLANG_WARN_OBJC_ROOT_CLASS = YES_ERROR;
				CLANG_WARN_QUOTED_INCLUDE_IN_FRAMEWORK_HEADER = YES;
				CLANG_WARN_RANGE_LOOP_ANALYSIS = YES;
				CLANG_WARN_STRICT_PROTOTYPES = YES;
				CLANG_WARN_SUSPICIOUS_MOVE = YES;
				CLANG_WARN_UNGUARDED_AVAILABILITY = YES_AGGRESSIVE;
				CLANG_WARN_UNREACHABLE_CODE = YES;
				CLANG_WARN__DUPLICATE_METHOD_MATCH = YES;
				COPY_PHASE_STRIP = NO;
				DEBUG_INFORMATION_FORMAT = "dwarf-with-dsym";
				ENABLE_NS_ASSERTIONS = NO;
				ENABLE_STRICT_OBJC_MSGSEND = YES;
				GCC_C_LANGUAGE_STANDARD = gnu11;
				GCC_NO_COMMON_BLOCKS = YES;
				GCC_WARN_64_TO_32_BIT_CONVERSION = YES;
				GCC_WARN_ABOUT_RETURN_TYPE = YES_ERROR;
				GCC_WARN_UNDECLARED_SELECTOR = YES;
				GCC_WARN_UNINITIALIZED_AUTOS = YES_AGGRESSIVE;
				GCC_WARN_UNUSED_FUNCTION = YES;
				GCC_WARN_UNUSED_VARIABLE = YES;
				IPHONEOS_DEPLOYMENT_TARGET = 16.1;
				MTL_ENABLE_DEBUG_INFO = NO;
				MTL_FAST_MATH = YES;
				SDKROOT = iphoneos;
				SWIFT_COMPILATION_MODE = wholemodule;
				SWIFT_OPTIMIZATION_LEVEL = "-O";
				VALIDATE_PRODUCT = YES;
			};
			name = Release;
		};
		CF599D2B293D806C009F0BDB /* Debug */ = {
			isa = XCBuildConfiguration;
			buildSettings = {
				ASSETCATALOG_COMPILER_APPICON_NAME = AppIcon;
				ASSETCATALOG_COMPILER_GLOBAL_ACCENT_COLOR_NAME = AccentColor;
				CODE_SIGN_STYLE = Automatic;
				CURRENT_PROJECT_VERSION = 1;
				DEVELOPMENT_ASSET_PATHS = "\"Text Mode Editor/Preview Content\"";
				DEVELOPMENT_TEAM = 38WX9U3986;
				ENABLE_PREVIEWS = YES;
				GENERATE_INFOPLIST_FILE = YES;
				INFOPLIST_FILE = "Text-Mode-Editor-Info.plist";
				INFOPLIST_KEY_NSPhotoLibraryUsageDescription = "";
				INFOPLIST_KEY_UIApplicationSceneManifest_Generation = YES;
				INFOPLIST_KEY_UIApplicationSupportsIndirectInputEvents = YES;
				INFOPLIST_KEY_UILaunchScreen_Generation = YES;
				INFOPLIST_KEY_UISupportedInterfaceOrientations = UIInterfaceOrientationPortrait;
				INFOPLIST_KEY_UISupportedInterfaceOrientations_iPad = "UIInterfaceOrientationLandscapeLeft UIInterfaceOrientationLandscapeRight UIInterfaceOrientationPortrait UIInterfaceOrientationPortraitUpsideDown";
				LD_RUNPATH_SEARCH_PATHS = (
					"$(inherited)",
					"@executable_path/Frameworks",
				);
				MARKETING_VERSION = 1.0;
				PRODUCT_BUNDLE_IDENTIFIER = "EJS.Text-Mode-Editor";
				PRODUCT_NAME = "$(TARGET_NAME)";
				SWIFT_EMIT_LOC_STRINGS = YES;
				SWIFT_VERSION = 5.0;
				TARGETED_DEVICE_FAMILY = "1,2";
			};
			name = Debug;
		};
		CF599D2C293D806C009F0BDB /* Release */ = {
			isa = XCBuildConfiguration;
			buildSettings = {
				ASSETCATALOG_COMPILER_APPICON_NAME = AppIcon;
				ASSETCATALOG_COMPILER_GLOBAL_ACCENT_COLOR_NAME = AccentColor;
				CODE_SIGN_STYLE = Automatic;
				CURRENT_PROJECT_VERSION = 1;
				DEVELOPMENT_ASSET_PATHS = "\"Text Mode Editor/Preview Content\"";
				DEVELOPMENT_TEAM = 38WX9U3986;
				ENABLE_PREVIEWS = YES;
				GENERATE_INFOPLIST_FILE = YES;
				INFOPLIST_FILE = "Text-Mode-Editor-Info.plist";
				INFOPLIST_KEY_NSPhotoLibraryUsageDescription = "";
				INFOPLIST_KEY_UIApplicationSceneManifest_Generation = YES;
				INFOPLIST_KEY_UIApplicationSupportsIndirectInputEvents = YES;
				INFOPLIST_KEY_UILaunchScreen_Generation = YES;
				INFOPLIST_KEY_UISupportedInterfaceOrientations = UIInterfaceOrientationPortrait;
				INFOPLIST_KEY_UISupportedInterfaceOrientations_iPad = "UIInterfaceOrientationLandscapeLeft UIInterfaceOrientationLandscapeRight UIInterfaceOrientationPortrait UIInterfaceOrientationPortraitUpsideDown";
				LD_RUNPATH_SEARCH_PATHS = (
					"$(inherited)",
					"@executable_path/Frameworks",
				);
				MARKETING_VERSION = 1.0;
				PRODUCT_BUNDLE_IDENTIFIER = "EJS.Text-Mode-Editor";
				PRODUCT_NAME = "$(TARGET_NAME)";
				SWIFT_EMIT_LOC_STRINGS = YES;
				SWIFT_VERSION = 5.0;
				TARGETED_DEVICE_FAMILY = "1,2";
			};
			name = Release;
		};
		CF599D2E293D806C009F0BDB /* Debug */ = {
			isa = XCBuildConfiguration;
			buildSettings = {
				ALWAYS_EMBED_SWIFT_STANDARD_LIBRARIES = YES;
				BUNDLE_LOADER = "$(TEST_HOST)";
				CODE_SIGN_STYLE = Automatic;
				CURRENT_PROJECT_VERSION = 1;
				DEVELOPMENT_TEAM = 38WX9U3986;
				GENERATE_INFOPLIST_FILE = YES;
				IPHONEOS_DEPLOYMENT_TARGET = 16.1;
				MARKETING_VERSION = 1.0;
				PRODUCT_BUNDLE_IDENTIFIER = "EJS.Text-Mode-EditorTests";
				PRODUCT_NAME = "$(TARGET_NAME)";
				SWIFT_EMIT_LOC_STRINGS = NO;
				SWIFT_VERSION = 5.0;
				TARGETED_DEVICE_FAMILY = "1,2";
				TEST_HOST = "$(BUILT_PRODUCTS_DIR)/Text Mode Editor.app/$(BUNDLE_EXECUTABLE_FOLDER_PATH)/Text Mode Editor";
			};
			name = Debug;
		};
		CF599D2F293D806C009F0BDB /* Release */ = {
			isa = XCBuildConfiguration;
			buildSettings = {
				ALWAYS_EMBED_SWIFT_STANDARD_LIBRARIES = YES;
				BUNDLE_LOADER = "$(TEST_HOST)";
				CODE_SIGN_STYLE = Automatic;
				CURRENT_PROJECT_VERSION = 1;
				DEVELOPMENT_TEAM = 38WX9U3986;
				GENERATE_INFOPLIST_FILE = YES;
				IPHONEOS_DEPLOYMENT_TARGET = 16.1;
				MARKETING_VERSION = 1.0;
				PRODUCT_BUNDLE_IDENTIFIER = "EJS.Text-Mode-EditorTests";
				PRODUCT_NAME = "$(TARGET_NAME)";
				SWIFT_EMIT_LOC_STRINGS = NO;
				SWIFT_VERSION = 5.0;
				TARGETED_DEVICE_FAMILY = "1,2";
				TEST_HOST = "$(BUILT_PRODUCTS_DIR)/Text Mode Editor.app/$(BUNDLE_EXECUTABLE_FOLDER_PATH)/Text Mode Editor";
			};
			name = Release;
		};
		CF599D31293D806C009F0BDB /* Debug */ = {
			isa = XCBuildConfiguration;
			buildSettings = {
				ALWAYS_EMBED_SWIFT_STANDARD_LIBRARIES = YES;
				CODE_SIGN_STYLE = Automatic;
				CURRENT_PROJECT_VERSION = 1;
				DEVELOPMENT_TEAM = 38WX9U3986;
				GENERATE_INFOPLIST_FILE = YES;
				MARKETING_VERSION = 1.0;
				PRODUCT_BUNDLE_IDENTIFIER = "EJS.Text-Mode-EditorUITests";
				PRODUCT_NAME = "$(TARGET_NAME)";
				SWIFT_EMIT_LOC_STRINGS = NO;
				SWIFT_VERSION = 5.0;
				TARGETED_DEVICE_FAMILY = "1,2";
				TEST_TARGET_NAME = "Text Mode Editor";
			};
			name = Debug;
		};
		CF599D32293D806C009F0BDB /* Release */ = {
			isa = XCBuildConfiguration;
			buildSettings = {
				ALWAYS_EMBED_SWIFT_STANDARD_LIBRARIES = YES;
				CODE_SIGN_STYLE = Automatic;
				CURRENT_PROJECT_VERSION = 1;
				DEVELOPMENT_TEAM = 38WX9U3986;
				GENERATE_INFOPLIST_FILE = YES;
				MARKETING_VERSION = 1.0;
				PRODUCT_BUNDLE_IDENTIFIER = "EJS.Text-Mode-EditorUITests";
				PRODUCT_NAME = "$(TARGET_NAME)";
				SWIFT_EMIT_LOC_STRINGS = NO;
				SWIFT_VERSION = 5.0;
				TARGETED_DEVICE_FAMILY = "1,2";
				TEST_TARGET_NAME = "Text Mode Editor";
			};
			name = Release;
		};
/* End XCBuildConfiguration section */

/* Begin XCConfigurationList section */
		CF599D01293D806B009F0BDB /* Build configuration list for PBXProject "Text Mode Editor" */ = {
			isa = XCConfigurationList;
			buildConfigurations = (
				CF599D28293D806C009F0BDB /* Debug */,
				CF599D29293D806C009F0BDB /* Release */,
			);
			defaultConfigurationIsVisible = 0;
			defaultConfigurationName = Release;
		};
		CF599D2A293D806C009F0BDB /* Build configuration list for PBXNativeTarget "Text Mode Editor" */ = {
			isa = XCConfigurationList;
			buildConfigurations = (
				CF599D2B293D806C009F0BDB /* Debug */,
				CF599D2C293D806C009F0BDB /* Release */,
			);
			defaultConfigurationIsVisible = 0;
			defaultConfigurationName = Release;
		};
		CF599D2D293D806C009F0BDB /* Build configuration list for PBXNativeTarget "Text Mode EditorTests" */ = {
			isa = XCConfigurationList;
			buildConfigurations = (
				CF599D2E293D806C009F0BDB /* Debug */,
				CF599D2F293D806C009F0BDB /* Release */,
			);
			defaultConfigurationIsVisible = 0;
			defaultConfigurationName = Release;
		};
		CF599D30293D806C009F0BDB /* Build configuration list for PBXNativeTarget "Text Mode EditorUITests" */ = {
			isa = XCConfigurationList;
			buildConfigurations = (
				CF599D31293D806C009F0BDB /* Debug */,
				CF599D32293D806C009F0BDB /* Release */,
			);
			defaultConfigurationIsVisible = 0;
			defaultConfigurationName = Release;
		};
/* End XCConfigurationList section */
	};
	rootObject = CF599CFE293D806B009F0BDB /* Project object */;
}
